<?xml version="1.0" encoding="utf-8"?>
<Project ToolsVersion="4.0" xmlns="http://schemas.microsoft.com/developer/msbuild/2003">
  <ItemGroup>
    <Filter Include="Source Files">
      <UniqueIdentifier>{4FC737F1-C7A5-4376-A066-2A32D752A2FF}</UniqueIdentifier>
      <Extensions>cpp;c;cc;cxx;def;odl;idl;hpj;bat;asm;asmx</Extensions>
    </Filter>
    <Filter Include="Header Files">
      <UniqueIdentifier>{93995380-89BD-4b04-88EB-625FBE52EBFB}</UniqueIdentifier>
      <Extensions>h;hh;hpp;hxx;hm;inl;inc;xsd</Extensions>
    </Filter>
    <Filter Include="Resource Files">
      <UniqueIdentifier>{67DA6AB6-F800-4c08-8B7A-83BB121AAD01}</UniqueIdentifier>
      <Extensions>rc;ico;cur;bmp;dlg;rc2;rct;bin;rgs;gif;jpg;jpeg;jpe;resx;tiff;tif;png;wav;mfcribbon-ms</Extensions>
    </Filter>
  </ItemGroup>
  <ItemGroup>
    <ClCompile Include="src\fft.cpp">
      <Filter>Source Files</Filter>
    </ClCompile>
    <ClCompile Include="src\mainFrame.cpp">
      <Filter>Source Files</Filter>
    </ClCompile>
    <ClCompile Include="src\sonogramGenerator.cpp">
      <Filter>Source Files</Filter>
    </ClCompile>
    <ClCompile Include="src\sonogrammerApp.cpp">
      <Filter>Source Files</Filter>
    </ClCompile>
    <ClCompile Include="src\soundData.cpp">
      <Filter>Source Files</Filter>
    </ClCompile>
    <ClCompile Include="src\gitHash.cpp">
      <Filter>Source Files</Filter>
    </ClCompile>
    <ClCompile Include="src\expressionTree.cpp">
      <Filter>Source Files</Filter>
    </ClCompile>
    <ClCompile Include="src\filter.cpp">
      <Filter>Source Files</Filter>
    </ClCompile>
    <ClCompile Include="src\dataset2D.cpp">
      <Filter>Source Files</Filter>
    </ClCompile>
    <ClCompile Include="src\audioFile.cpp">
      <Filter>Source Files</Filter>
    </ClCompile>
    <ClCompile Include="src\resampler.cpp">
      <Filter>Source Files</Filter>
    </ClCompile>
    <ClCompile Include="src\audioUtilities.cpp">
      <Filter>Source Files</Filter>
    </ClCompile>
    <ClCompile Include="src\libCallWrapper.cpp">
      <Filter>Source Files</Filter>
    </ClCompile>
    <ClCompile Include="src\staticImage.cpp">
      <Filter>Source Files</Filter>
    </ClCompile>
    <ClCompile Include="src\filterDialog.cpp">
      <Filter>Source Files</Filter>
    </ClCompile>
    <ClCompile Include="src\audioRenderer.cpp">
      <Filter>Source Files</Filter>
    </ClCompile>
    <ClCompile Include="src\colorMapDialog.cpp">
      <Filter>Source Files</Filter>
    </ClCompile>
    <ClCompile Include="src\dropTarget.cpp">
      <Filter>Source Files</Filter>
    </ClCompile>
    <ClCompile Include="src\videoMaker.cpp">
      <Filter>Source Files</Filter>
    </ClCompile>
    <ClCompile Include="src\videoEncoder.cpp">
      <Filter>Source Files</Filter>
    </ClCompile>
    <ClCompile Include="src\audioEncoder.cpp">
      <Filter>Source Files</Filter>
    </ClCompile>
    <ClCompile Include="src\encoder.cpp">
      <Filter>Source Files</Filter>
    </ClCompile>
    <ClCompile Include="src\muxer.cpp">
      <Filter>Source Files</Filter>
    </ClCompile>
    <ClCompile Include="src\waveFormGenerator.cpp">
      <Filter>Source Files</Filter>
    </ClCompile>
    <ClCompile Include="src\normalizer.cpp">
      <Filter>Source Files</Filter>
    </ClCompile>
    <ClCompile Include="src\audioEncoderInterface.cpp">
      <Filter>Source Files</Filter>
    </ClCompile>
  </ItemGroup>
  <ItemGroup>
    <ClInclude Include="src\fft.h">
      <Filter>Header Files</Filter>
    </ClInclude>
    <ClInclude Include="src\mainFrame.h">
      <Filter>Header Files</Filter>
    </ClInclude>
    <ClInclude Include="src\sonogramGenerator.h">
      <Filter>Header Files</Filter>
    </ClInclude>
    <ClInclude Include="src\sonogrammerApp.h">
      <Filter>Header Files</Filter>
    </ClInclude>
    <ClInclude Include="src\soundData.h">
      <Filter>Header Files</Filter>
    </ClInclude>
    <ClInclude Include="src\expressionTree.h">
      <Filter>Header Files</Filter>
    </ClInclude>
    <ClInclude Include="src\filter.h">
      <Filter>Header Files</Filter>
    </ClInclude>
    <ClInclude Include="src\dataset2D.h">
      <Filter>Header Files</Filter>
    </ClInclude>
    <ClInclude Include="src\audioFile.h">
      <Filter>Header Files</Filter>
    </ClInclude>
    <ClInclude Include="src\resampler.h">
      <Filter>Header Files</Filter>
    </ClInclude>
    <ClInclude Include="src\audioUtilities.h">
      <Filter>Header Files</Filter>
    </ClInclude>
    <ClInclude Include="src\libCallWrapper.h">
      <Filter>Header Files</Filter>
    </ClInclude>
    <ClInclude Include="src\staticImage.h">
      <Filter>Header Files</Filter>
    </ClInclude>
    <ClInclude Include="src\filterDialog.h">
      <Filter>Header Files</Filter>
    </ClInclude>
    <ClInclude Include="src\audioRenderer.h">
      <Filter>Header Files</Filter>
    </ClInclude>
    <ClInclude Include="src\colorMapDialog.h">
      <Filter>Header Files</Filter>
    </ClInclude>
    <ClInclude Include="src\dropTarget.h">
      <Filter>Header Files</Filter>
    </ClInclude>
    <ClInclude Include="src\videoMaker.h">
      <Filter>Header Files</Filter>
    </ClInclude>
    <ClInclude Include="src\videoEncoder.h">
      <Filter>Header Files</Filter>
    </ClInclude>
    <ClInclude Include="src\audioEncoder.h">
      <Filter>Header Files</Filter>
    </ClInclude>
    <ClInclude Include="src\encoder.h">
      <Filter>Header Files</Filter>
    </ClInclude>
    <ClInclude Include="src\muxer.h">
      <Filter>Header Files</Filter>
    </ClInclude>
    <ClInclude Include="src\waveFormGenerator.h">
      <Filter>Header Files</Filter>
    </ClInclude>
    <ClInclude Include="src\normalizer.h">
      <Filter>Header Files</Filter>
    </ClInclude>
    <ClInclude Include="src\audioEncoderInterface.h">
      <Filter>Header Files</Filter>
    </ClInclude>
  </ItemGroup>
</Project>